// !$*UTF8*$!
{
	archiveVersion = 1;
	classes = {
	};
	objectVersion = 50;
	objects = {

/* Begin PBXBuildFile section */
		FB5F3BBD2612F41B00F1E450 /* AppDelegate.swift in Sources */ = {isa = PBXBuildFile; fileRef = FB5F3BBC2612F41B00F1E450 /* AppDelegate.swift */; };
		FB5F3BBF2612F41B00F1E450 /* SceneDelegate.swift in Sources */ = {isa = PBXBuildFile; fileRef = FB5F3BBE2612F41B00F1E450 /* SceneDelegate.swift */; };
		FB5F3BC12612F41B00F1E450 /* HomeViewController.swift in Sources */ = {isa = PBXBuildFile; fileRef = FB5F3BC02612F41B00F1E450 /* HomeViewController.swift */; };
		FB5F3BC42612F41B00F1E450 /* Main.storyboard in Resources */ = {isa = PBXBuildFile; fileRef = FB5F3BC22612F41B00F1E450 /* Main.storyboard */; };
		FB5F3BC62612F41D00F1E450 /* Assets.xcassets in Resources */ = {isa = PBXBuildFile; fileRef = FB5F3BC52612F41D00F1E450 /* Assets.xcassets */; };
		FB5F3BC92612F41D00F1E450 /* LaunchScreen.storyboard in Resources */ = {isa = PBXBuildFile; fileRef = FB5F3BC72612F41D00F1E450 /* LaunchScreen.storyboard */; };
		FB5F3BDA2612FC0200F1E450 /* ExploreViewController.swift in Sources */ = {isa = PBXBuildFile; fileRef = FB5F3BD92612FC0200F1E450 /* ExploreViewController.swift */; };
		FB5F3BDD2612FC3B00F1E450 /* CameraViewController.swift in Sources */ = {isa = PBXBuildFile; fileRef = FB5F3BDC2612FC3B00F1E450 /* CameraViewController.swift */; };
		FB5F3BE02612FC4C00F1E450 /* NotificationViewController.swift in Sources */ = {isa = PBXBuildFile; fileRef = FB5F3BDF2612FC4C00F1E450 /* NotificationViewController.swift */; };
		FB5F3BE32612FC5900F1E450 /* ProfileViewController.swift in Sources */ = {isa = PBXBuildFile; fileRef = FB5F3BE22612FC5900F1E450 /* ProfileViewController.swift */; };
		FB5F3BEA2612FCAC00F1E450 /* LoginViewController.swift in Sources */ = {isa = PBXBuildFile; fileRef = FB5F3BE92612FCAC00F1E450 /* LoginViewController.swift */; };
		FB5F3BED2612FCBB00F1E450 /* RegistrationViewController.swift in Sources */ = {isa = PBXBuildFile; fileRef = FB5F3BEC2612FCBB00F1E450 /* RegistrationViewController.swift */; };
		FB5F3BF02612FCD100F1E450 /* PostViewController.swift in Sources */ = {isa = PBXBuildFile; fileRef = FB5F3BEF2612FCD100F1E450 /* PostViewController.swift */; };
		FB5F3BF32612FCE600F1E450 /* EditProfileViewController.swift in Sources */ = {isa = PBXBuildFile; fileRef = FB5F3BF22612FCE600F1E450 /* EditProfileViewController.swift */; };
		FB5F3BF62612FCF600F1E450 /* SettingViewController.swift in Sources */ = {isa = PBXBuildFile; fileRef = FB5F3BF52612FCF600F1E450 /* SettingViewController.swift */; };
		FB5F3BF92612FD0300F1E450 /* ListViewController.swift in Sources */ = {isa = PBXBuildFile; fileRef = FB5F3BF82612FD0300F1E450 /* ListViewController.swift */; };
		FB5F3BFC2612FD0E00F1E450 /* SearchViewController.swift in Sources */ = {isa = PBXBuildFile; fileRef = FB5F3BFB2612FD0E00F1E450 /* SearchViewController.swift */; };
		FB5F3BFF2612FD1B00F1E450 /* SearchResultViewController.swift in Sources */ = {isa = PBXBuildFile; fileRef = FB5F3BFE2612FD1B00F1E450 /* SearchResultViewController.swift */; };
		FB5F3C022612FD4800F1E450 /* PostEditorViewController.swift in Sources */ = {isa = PBXBuildFile; fileRef = FB5F3C012612FD4800F1E450 /* PostEditorViewController.swift */; };
		FB5F3C052612FD5600F1E450 /* PublishPostViewController.swift in Sources */ = {isa = PBXBuildFile; fileRef = FB5F3C042612FD5600F1E450 /* PublishPostViewController.swift */; };
/* End PBXBuildFile section */

/* Begin PBXFileReference section */
		FB5F3BB92612F41B00F1E450 /* firstSwift.app */ = {isa = PBXFileReference; explicitFileType = wrapper.application; includeInIndex = 0; path = firstSwift.app; sourceTree = BUILT_PRODUCTS_DIR; };
		FB5F3BBC2612F41B00F1E450 /* AppDelegate.swift */ = {isa = PBXFileReference; lastKnownFileType = sourcecode.swift; path = AppDelegate.swift; sourceTree = "<group>"; };
		FB5F3BBE2612F41B00F1E450 /* SceneDelegate.swift */ = {isa = PBXFileReference; lastKnownFileType = sourcecode.swift; path = SceneDelegate.swift; sourceTree = "<group>"; };
		FB5F3BC02612F41B00F1E450 /* HomeViewController.swift */ = {isa = PBXFileReference; lastKnownFileType = sourcecode.swift; path = HomeViewController.swift; sourceTree = "<group>"; };
		FB5F3BC32612F41B00F1E450 /* Base */ = {isa = PBXFileReference; lastKnownFileType = file.storyboard; name = Base; path = Base.lproj/Main.storyboard; sourceTree = "<group>"; };
		FB5F3BC52612F41D00F1E450 /* Assets.xcassets */ = {isa = PBXFileReference; lastKnownFileType = folder.assetcatalog; path = Assets.xcassets; sourceTree = "<group>"; };
		FB5F3BC82612F41D00F1E450 /* Base */ = {isa = PBXFileReference; lastKnownFileType = file.storyboard; name = Base; path = Base.lproj/LaunchScreen.storyboard; sourceTree = "<group>"; };
		FB5F3BCA2612F41D00F1E450 /* Info.plist */ = {isa = PBXFileReference; lastKnownFileType = text.plist.xml; path = Info.plist; sourceTree = "<group>"; };
		FB5F3BD92612FC0200F1E450 /* ExploreViewController.swift */ = {isa = PBXFileReference; lastKnownFileType = sourcecode.swift; path = ExploreViewController.swift; sourceTree = "<group>"; };
		FB5F3BDC2612FC3B00F1E450 /* CameraViewController.swift */ = {isa = PBXFileReference; lastKnownFileType = sourcecode.swift; path = CameraViewController.swift; sourceTree = "<group>"; };
		FB5F3BDF2612FC4C00F1E450 /* NotificationViewController.swift */ = {isa = PBXFileReference; lastKnownFileType = sourcecode.swift; path = NotificationViewController.swift; sourceTree = "<group>"; };
		FB5F3BE22612FC5900F1E450 /* ProfileViewController.swift */ = {isa = PBXFileReference; lastKnownFileType = sourcecode.swift; path = ProfileViewController.swift; sourceTree = "<group>"; };
		FB5F3BE92612FCAC00F1E450 /* LoginViewController.swift */ = {isa = PBXFileReference; lastKnownFileType = sourcecode.swift; path = LoginViewController.swift; sourceTree = "<group>"; };
		FB5F3BEC2612FCBB00F1E450 /* RegistrationViewController.swift */ = {isa = PBXFileReference; lastKnownFileType = sourcecode.swift; path = RegistrationViewController.swift; sourceTree = "<group>"; };
		FB5F3BEF2612FCD100F1E450 /* PostViewController.swift */ = {isa = PBXFileReference; lastKnownFileType = sourcecode.swift; path = PostViewController.swift; sourceTree = "<group>"; };
		FB5F3BF22612FCE600F1E450 /* EditProfileViewController.swift */ = {isa = PBXFileReference; lastKnownFileType = sourcecode.swift; path = EditProfileViewController.swift; sourceTree = "<group>"; };
		FB5F3BF52612FCF600F1E450 /* SettingViewController.swift */ = {isa = PBXFileReference; lastKnownFileType = sourcecode.swift; path = SettingViewController.swift; sourceTree = "<group>"; };
		FB5F3BF82612FD0300F1E450 /* ListViewController.swift */ = {isa = PBXFileReference; lastKnownFileType = sourcecode.swift; path = ListViewController.swift; sourceTree = "<group>"; };
		FB5F3BFB2612FD0E00F1E450 /* SearchViewController.swift */ = {isa = PBXFileReference; lastKnownFileType = sourcecode.swift; path = SearchViewController.swift; sourceTree = "<group>"; };
		FB5F3BFE2612FD1B00F1E450 /* SearchResultViewController.swift */ = {isa = PBXFileReference; lastKnownFileType = sourcecode.swift; path = SearchResultViewController.swift; sourceTree = "<group>"; };
		FB5F3C012612FD4800F1E450 /* PostEditorViewController.swift */ = {isa = PBXFileReference; lastKnownFileType = sourcecode.swift; path = PostEditorViewController.swift; sourceTree = "<group>"; };
		FB5F3C042612FD5600F1E450 /* PublishPostViewController.swift */ = {isa = PBXFileReference; lastKnownFileType = sourcecode.swift; path = PublishPostViewController.swift; sourceTree = "<group>"; };
/* End PBXFileReference section */

/* Begin PBXFrameworksBuildPhase section */
		FB5F3BB62612F41B00F1E450 /* Frameworks */ = {
			isa = PBXFrameworksBuildPhase;
			buildActionMask = 2147483647;
			files = (
			);
			runOnlyForDeploymentPostprocessing = 0;
		};
/* End PBXFrameworksBuildPhase section */

/* Begin PBXGroup section */
		FB5F3BB02612F41B00F1E450 = {
			isa = PBXGroup;
			children = (
				FB5F3BBB2612F41B00F1E450 /* firstSwift */,
				FB5F3BBA2612F41B00F1E450 /* Products */,
			);
			sourceTree = "<group>";
		};
		FB5F3BBA2612F41B00F1E450 /* Products */ = {
			isa = PBXGroup;
			children = (
				FB5F3BB92612F41B00F1E450 /* firstSwift.app */,
			);
			name = Products;
			sourceTree = "<group>";
		};
		FB5F3BBB2612F41B00F1E450 /* firstSwift */ = {
			isa = PBXGroup;
			children = (
				FB5F3BD52612FB0B00F1E450 /* Resources */,
				FB5F3BD42612FAF600F1E450 /* Models */,
				FB5F3BD32612FAF000F1E450 /* Views */,
				FB5F3BD22612FAE800F1E450 /* Controllers */,
				FB5F3BCA2612F41D00F1E450 /* Info.plist */,
			);
			path = firstSwift;
			sourceTree = "<group>";
		};
		FB5F3BD22612FAE800F1E450 /* Controllers */ = {
			isa = PBXGroup;
			children = (
				FB5F3BE72612FC9100F1E450 /* Other */,
				FB5F3BE52612FC6500F1E450 /* Core Tabs */,
			);
			path = Controllers;
			sourceTree = "<group>";
		};
		FB5F3BD32612FAF000F1E450 /* Views */ = {
			isa = PBXGroup;
			children = (
				FB5F3BD62612FB4100F1E450 /* Storyboards */,
				FB5F3BC52612F41D00F1E450 /* Assets.xcassets */,
			);
			path = Views;
			sourceTree = "<group>";
		};
		FB5F3BD42612FAF600F1E450 /* Models */ = {
			isa = PBXGroup;
			children = (
			);
			path = Models;
			sourceTree = "<group>";
		};
		FB5F3BD52612FB0B00F1E450 /* Resources */ = {
			isa = PBXGroup;
			children = (
				FB5F3BBC2612F41B00F1E450 /* AppDelegate.swift */,
				FB5F3BBE2612F41B00F1E450 /* SceneDelegate.swift */,
			);
			path = Resources;
			sourceTree = "<group>";
		};
		FB5F3BD62612FB4100F1E450 /* Storyboards */ = {
			isa = PBXGroup;
			children = (
				FB5F3BC22612F41B00F1E450 /* Main.storyboard */,
				FB5F3BC72612F41D00F1E450 /* LaunchScreen.storyboard */,
			);
			path = Storyboards;
			sourceTree = "<group>";
		};
		FB5F3BE52612FC6500F1E450 /* Core Tabs */ = {
			isa = PBXGroup;
			children = (
				FB5F3BC02612F41B00F1E450 /* HomeViewController.swift */,
				FB5F3BD92612FC0200F1E450 /* ExploreViewController.swift */,
				FB5F3BDC2612FC3B00F1E450 /* CameraViewController.swift */,
				FB5F3BDF2612FC4C00F1E450 /* NotificationViewController.swift */,
				FB5F3BE22612FC5900F1E450 /* ProfileViewController.swift */,
			);
			path = "Core Tabs";
			sourceTree = "<group>";
		};
		FB5F3BE72612FC9100F1E450 /* Other */ = {
			isa = PBXGroup;
			children = (
				FB5F3BE82612FC9A00F1E450 /* OnBoarding */,
				FB5F3BEF2612FCD100F1E450 /* PostViewController.swift */,
				FB5F3BF22612FCE600F1E450 /* EditProfileViewController.swift */,
				FB5F3BF52612FCF600F1E450 /* SettingViewController.swift */,
				FB5F3BF82612FD0300F1E450 /* ListViewController.swift */,
				FB5F3BFB2612FD0E00F1E450 /* SearchViewController.swift */,
				FB5F3BFE2612FD1B00F1E450 /* SearchResultViewController.swift */,
				FB5F3C012612FD4800F1E450 /* PostEditorViewController.swift */,
				FB5F3C042612FD5600F1E450 /* PublishPostViewController.swift */,
			);
			path = Other;
			sourceTree = "<group>";
		};
		FB5F3BE82612FC9A00F1E450 /* OnBoarding */ = {
			isa = PBXGroup;
			children = (
				FB5F3BE92612FCAC00F1E450 /* LoginViewController.swift */,
				FB5F3BEC2612FCBB00F1E450 /* RegistrationViewController.swift */,
			);
			path = OnBoarding;
			sourceTree = "<group>";
		};
/* End PBXGroup section */

/* Begin PBXNativeTarget section */
		FB5F3BB82612F41B00F1E450 /* firstSwift */ = {
			isa = PBXNativeTarget;
			buildConfigurationList = FB5F3BCD2612F41D00F1E450 /* Build configuration list for PBXNativeTarget "firstSwift" */;
			buildPhases = (
				FB5F3BB52612F41B00F1E450 /* Sources */,
				FB5F3BB62612F41B00F1E450 /* Frameworks */,
				FB5F3BB72612F41B00F1E450 /* Resources */,
			);
			buildRules = (
			);
			dependencies = (
			);
			name = firstSwift;
			productName = firstSwift;
			productReference = FB5F3BB92612F41B00F1E450 /* firstSwift.app */;
			productType = "com.apple.product-type.application";
		};
/* End PBXNativeTarget section */

/* Begin PBXProject section */
		FB5F3BB12612F41B00F1E450 /* Project object */ = {
			isa = PBXProject;
			attributes = {
				LastSwiftUpdateCheck = 1240;
				LastUpgradeCheck = 1240;
				TargetAttributes = {
					FB5F3BB82612F41B00F1E450 = {
						CreatedOnToolsVersion = 12.4;
					};
				};
			};
			buildConfigurationList = FB5F3BB42612F41B00F1E450 /* Build configuration list for PBXProject "firstSwift" */;
			compatibilityVersion = "Xcode 9.3";
			developmentRegion = en;
			hasScannedForEncodings = 0;
			knownRegions = (
				en,
				Base,
			);
			mainGroup = FB5F3BB02612F41B00F1E450;
			productRefGroup = FB5F3BBA2612F41B00F1E450 /* Products */;
			projectDirPath = "";
			projectRoot = "";
			targets = (
				FB5F3BB82612F41B00F1E450 /* firstSwift */,
			);
		};
/* End PBXProject section */

/* Begin PBXResourcesBuildPhase section */
		FB5F3BB72612F41B00F1E450 /* Resources */ = {
			isa = PBXResourcesBuildPhase;
			buildActionMask = 2147483647;
			files = (
				FB5F3BC92612F41D00F1E450 /* LaunchScreen.storyboard in Resources */,
				FB5F3BC62612F41D00F1E450 /* Assets.xcassets in Resources */,
				FB5F3BC42612F41B00F1E450 /* Main.storyboard in Resources */,
			);
			runOnlyForDeploymentPostprocessing = 0;
		};
/* End PBXResourcesBuildPhase section */

/* Begin PBXSourcesBuildPhase section */
		FB5F3BB52612F41B00F1E450 /* Sources */ = {
			isa = PBXSourcesBuildPhase;
			buildActionMask = 2147483647;
			files = (
				FB5F3BF32612FCE600F1E450 /* EditProfileViewController.swift in Sources */,
				FB5F3BDA2612FC0200F1E450 /* ExploreViewController.swift in Sources */,
				FB5F3C052612FD5600F1E450 /* PublishPostViewController.swift in Sources */,
				FB5F3BDD2612FC3B00F1E450 /* CameraViewController.swift in Sources */,
				FB5F3BE02612FC4C00F1E450 /* NotificationViewController.swift in Sources */,
				FB5F3BED2612FCBB00F1E450 /* RegistrationViewController.swift in Sources */,
				FB5F3C022612FD4800F1E450 /* PostEditorViewController.swift in Sources */,
				FB5F3BF02612FCD100F1E450 /* PostViewController.swift in Sources */,
				FB5F3BC12612F41B00F1E450 /* HomeViewController.swift in Sources */,
				FB5F3BFF2612FD1B00F1E450 /* SearchResultViewController.swift in Sources */,
				FB5F3BEA2612FCAC00F1E450 /* LoginViewController.swift in Sources */,
				FB5F3BFC2612FD0E00F1E450 /* SearchViewController.swift in Sources */,
				FB5F3BE32612FC5900F1E450 /* ProfileViewController.swift in Sources */,
				FB5F3BBD2612F41B00F1E450 /* AppDelegate.swift in Sources */,
				FB5F3BBF2612F41B00F1E450 /* SceneDelegate.swift in Sources */,
				FB5F3BF92612FD0300F1E450 /* ListViewController.swift in Sources */,
				FB5F3BF62612FCF600F1E450 /* SettingViewController.swift in Sources */,
			);
			runOnlyForDeploymentPostprocessing = 0;
		};
/* End PBXSourcesBuildPhase section */

/* Begin PBXVariantGroup section */
		FB5F3BC22612F41B00F1E450 /* Main.storyboard */ = {
			isa = PBXVariantGroup;
			children = (
				FB5F3BC32612F41B00F1E450 /* Base */,
			);
			name = Main.storyboard;
			sourceTree = "<group>";
		};
		FB5F3BC72612F41D00F1E450 /* LaunchScreen.storyboard */ = {
			isa = PBXVariantGroup;
			children = (
				FB5F3BC82612F41D00F1E450 /* Base */,
			);
			name = LaunchScreen.storyboard;
			sourceTree = "<group>";
		};
/* End PBXVariantGroup section */

/* Begin XCBuildConfiguration section */
		FB5F3BCB2612F41D00F1E450 /* Debug */ = {
			isa = XCBuildConfiguration;
			buildSettings = {
				ALWAYS_SEARCH_USER_PATHS = NO;
				CLANG_ANALYZER_NONNULL = YES;
				CLANG_ANALYZER_NUMBER_OBJECT_CONVERSION = YES_AGGRESSIVE;
				CLANG_CXX_LANGUAGE_STANDARD = "gnu++14";
				CLANG_CXX_LIBRARY = "libc++";
				CLANG_ENABLE_MODULES = YES;
				CLANG_ENABLE_OBJC_ARC = YES;
				CLANG_ENABLE_OBJC_WEAK = YES;
				CLANG_WARN_BLOCK_CAPTURE_AUTORELEASING = YES;
				CLANG_WARN_BOOL_CONVERSION = YES;
				CLANG_WARN_COMMA = YES;
				CLANG_WARN_CONSTANT_CONVERSION = YES;
				CLANG_WARN_DEPRECATED_OBJC_IMPLEMENTATIONS = YES;
				CLANG_WARN_DIRECT_OBJC_ISA_USAGE = YES_ERROR;
				CLANG_WARN_DOCUMENTATION_COMMENTS = YES;
				CLANG_WARN_EMPTY_BODY = YES;
				CLANG_WARN_ENUM_CONVERSION = YES;
				CLANG_WARN_INFINITE_RECURSION = YES;
				CLANG_WARN_INT_CONVERSION = YES;
				CLANG_WARN_NON_LITERAL_NULL_CONVERSION = YES;
				CLANG_WARN_OBJC_IMPLICIT_RETAIN_SELF = YES;
				CLANG_WARN_OBJC_LITERAL_CONVERSION = YES;
				CLANG_WARN_OBJC_ROOT_CLASS = YES_ERROR;
				CLANG_WARN_QUOTED_INCLUDE_IN_FRAMEWORK_HEADER = YES;
				CLANG_WARN_RANGE_LOOP_ANALYSIS = YES;
				CLANG_WARN_STRICT_PROTOTYPES = YES;
				CLANG_WARN_SUSPICIOUS_MOVE = YES;
				CLANG_WARN_UNGUARDED_AVAILABILITY = YES_AGGRESSIVE;
				CLANG_WARN_UNREACHABLE_CODE = YES;
				CLANG_WARN__DUPLICATE_METHOD_MATCH = YES;
				COPY_PHASE_STRIP = NO;
				DEBUG_INFORMATION_FORMAT = dwarf;
				ENABLE_STRICT_OBJC_MSGSEND = YES;
				ENABLE_TESTABILITY = YES;
				GCC_C_LANGUAGE_STANDARD = gnu11;
				GCC_DYNAMIC_NO_PIC = NO;
				GCC_NO_COMMON_BLOCKS = YES;
				GCC_OPTIMIZATION_LEVEL = 0;
				GCC_PREPROCESSOR_DEFINITIONS = (
					"DEBUG=1",
					"$(inherited)",
				);
				GCC_WARN_64_TO_32_BIT_CONVERSION = YES;
				GCC_WARN_ABOUT_RETURN_TYPE = YES_ERROR;
				GCC_WARN_UNDECLARED_SELECTOR = YES;
				GCC_WARN_UNINITIALIZED_AUTOS = YES_AGGRESSIVE;
				GCC_WARN_UNUSED_FUNCTION = YES;
				GCC_WARN_UNUSED_VARIABLE = YES;
				IPHONEOS_DEPLOYMENT_TARGET = 14.4;
				MTL_ENABLE_DEBUG_INFO = INCLUDE_SOURCE;
				MTL_FAST_MATH = YES;
				ONLY_ACTIVE_ARCH = YES;
				SDKROOT = iphoneos;
				SWIFT_ACTIVE_COMPILATION_CONDITIONS = DEBUG;
				SWIFT_OPTIMIZATION_LEVEL = "-Onone";
			};
			name = Debug;
		};
		FB5F3BCC2612F41D00F1E450 /* Release */ = {
			isa = XCBuildConfiguration;
			buildSettings = {
				ALWAYS_SEARCH_USER_PATHS = NO;
				CLANG_ANALYZER_NONNULL = YES;
				CLANG_ANALYZER_NUMBER_OBJECT_CONVERSION = YES_AGGRESSIVE;
				CLANG_CXX_LANGUAGE_STANDARD = "gnu++14";
				CLANG_CXX_LIBRARY = "libc++";
				CLANG_ENABLE_MODULES = YES;
				CLANG_ENABLE_OBJC_ARC = YES;
				CLANG_ENABLE_OBJC_WEAK = YES;
				CLANG_WARN_BLOCK_CAPTURE_AUTORELEASING = YES;
				CLANG_WARN_BOOL_CONVERSION = YES;
				CLANG_WARN_COMMA = YES;
				CLANG_WARN_CONSTANT_CONVERSION = YES;
				CLANG_WARN_DEPRECATED_OBJC_IMPLEMENTATIONS = YES;
				CLANG_WARN_DIRECT_OBJC_ISA_USAGE = YES_ERROR;
				CLANG_WARN_DOCUMENTATION_COMMENTS = YES;
				CLANG_WARN_EMPTY_BODY = YES;
				CLANG_WARN_ENUM_CONVERSION = YES;
				CLANG_WARN_INFINITE_RECURSION = YES;
				CLANG_WARN_INT_CONVERSION = YES;
				CLANG_WARN_NON_LITERAL_NULL_CONVERSION = YES;
				CLANG_WARN_OBJC_IMPLICIT_RETAIN_SELF = YES;
				CLANG_WARN_OBJC_LITERAL_CONVERSION = YES;
				CLANG_WARN_OBJC_ROOT_CLASS = YES_ERROR;
				CLANG_WARN_QUOTED_INCLUDE_IN_FRAMEWORK_HEADER = YES;
				CLANG_WARN_RANGE_LOOP_ANALYSIS = YES;
				CLANG_WARN_STRICT_PROTOTYPES = YES;
				CLANG_WARN_SUSPICIOUS_MOVE = YES;
				CLANG_WARN_UNGUARDED_AVAILABILITY = YES_AGGRESSIVE;
				CLANG_WARN_UNREACHABLE_CODE = YES;
				CLANG_WARN__DUPLICATE_METHOD_MATCH = YES;
				COPY_PHASE_STRIP = NO;
				DEBUG_INFORMATION_FORMAT = "dwarf-with-dsym";
				ENABLE_NS_ASSERTIONS = NO;
				ENABLE_STRICT_OBJC_MSGSEND = YES;
				GCC_C_LANGUAGE_STANDARD = gnu11;
				GCC_NO_COMMON_BLOCKS = YES;
				GCC_WARN_64_TO_32_BIT_CONVERSION = YES;
				GCC_WARN_ABOUT_RETURN_TYPE = YES_ERROR;
				GCC_WARN_UNDECLARED_SELECTOR = YES;
				GCC_WARN_UNINITIALIZED_AUTOS = YES_AGGRESSIVE;
				GCC_WARN_UNUSED_FUNCTION = YES;
				GCC_WARN_UNUSED_VARIABLE = YES;
				IPHONEOS_DEPLOYMENT_TARGET = 14.4;
				MTL_ENABLE_DEBUG_INFO = NO;
				MTL_FAST_MATH = YES;
				SDKROOT = iphoneos;
				SWIFT_COMPILATION_MODE = wholemodule;
				SWIFT_OPTIMIZATION_LEVEL = "-O";
				VALIDATE_PRODUCT = YES;
			};
			name = Release;
		};
		FB5F3BCE2612F41D00F1E450 /* Debug */ = {
			isa = XCBuildConfiguration;
			buildSettings = {
				ASSETCATALOG_COMPILER_APPICON_NAME = AppIcon;
				ASSETCATALOG_COMPILER_GLOBAL_ACCENT_COLOR_NAME = AccentColor;
				CODE_SIGN_STYLE = Automatic;
				INFOPLIST_FILE = firstSwift/Info.plist;
				LD_RUNPATH_SEARCH_PATHS = (
					"$(inherited)",
					"@executable_path/Frameworks",
				);
				PRODUCT_BUNDLE_IDENTIFIER = com.sh.firstSwift;
				PRODUCT_NAME = "$(TARGET_NAME)";
				SWIFT_VERSION = 5.0;
				TARGETED_DEVICE_FAMILY = "1,2";
			};
			name = Debug;
		};
		FB5F3BCF2612F41D00F1E450 /* Release */ = {
			isa = XCBuildConfiguration;
			buildSettings = {
				ASSETCATALOG_COMPILER_APPICON_NAME = AppIcon;
				ASSETCATALOG_COMPILER_GLOBAL_ACCENT_COLOR_NAME = AccentColor;
				CODE_SIGN_STYLE = Automatic;
				INFOPLIST_FILE = firstSwift/Info.plist;
				LD_RUNPATH_SEARCH_PATHS = (
					"$(inherited)",
					"@executable_path/Frameworks",
				);
				PRODUCT_BUNDLE_IDENTIFIER = com.sh.firstSwift;
				PRODUCT_NAME = "$(TARGET_NAME)";
				SWIFT_VERSION = 5.0;
				TARGETED_DEVICE_FAMILY = "1,2";
			};
			name = Release;
		};
/* End XCBuildConfiguration section */

/* Begin XCConfigurationList section */
		FB5F3BB42612F41B00F1E450 /* Build configuration list for PBXProject "firstSwift" */ = {
			isa = XCConfigurationList;
			buildConfigurations = (
				FB5F3BCB2612F41D00F1E450 /* Debug */,
				FB5F3BCC2612F41D00F1E450 /* Release */,
			);
			defaultConfigurationIsVisible = 0;
			defaultConfigurationName = Release;
		};
		FB5F3BCD2612F41D00F1E450 /* Build configuration list for PBXNativeTarget "firstSwift" */ = {
			isa = XCConfigurationList;
			buildConfigurations = (
				FB5F3BCE2612F41D00F1E450 /* Debug */,
				FB5F3BCF2612F41D00F1E450 /* Release */,
			);
			defaultConfigurationIsVisible = 0;
			defaultConfigurationName = Release;
		};
/* End XCConfigurationList section */
	};
	rootObject = FB5F3BB12612F41B00F1E450 /* Project object */;
}
